
Microsoft Visual Studio Solution File, Format Version 12.00
# Visual Studio 15
VisualStudioVersion = 15.0.27428.2037
MinimumVisualStudioVersion = 10.0.40219.1
Project("{FAE04EC0-301F-11D3-BF4B-00C04F79EFBC}") = "Insurance v1", "Insurance v1\Insurance v1.csproj", "{D1539E4F-0100-42C7-9F94-84A1FD2AE0E8}"
EndProject
Global
	GlobalSection(SolutionConfigurationPlatforms) = preSolution
		Debug|Any CPU = Debug|Any CPU
		Release|Any CPU = Release|Any CPU
	EndGlobalSection
	GlobalSection(ProjectConfigurationPlatforms) = postSolution
		{D1539E4F-0100-42C7-9F94-84A1FD2AE0E8}.Debug|Any CPU.ActiveCfg = Debug|Any CPU
		{D1539E4F-0100-42C7-9F94-84A1FD2AE0E8}.Debug|Any CPU.Build.0 = Debug|Any CPU
		{D1539E4F-0100-42C7-9F94-84A1FD2AE0E8}.Release|Any CPU.ActiveCfg = Release|Any CPU
		{D1539E4F-0100-42C7-9F94-84A1FD2AE0E8}.Release|Any CPU.Build.0 = Release|Any CPU
	EndGlobalSection
	GlobalSection(SolutionProperties) = preSolution
		HideSolutionNode = FALSE
	EndGlobalSection
	GlobalSection(ExtensibilityGlobals) = postSolution
		SolutionGuid = {1DF8FC1B-5087-4193-878D-638063AF74F0}
	EndGlobalSection
EndGlobal
